// !$*UTF8*$!
{
	archiveVersion = 1;
	classes = {
	};
	objectVersion = 46;
	objects = {

/* Begin PBXBuildFile section */
		B32AAB321D767E59001485FF /* UITouch+MemoryLeak.m in Sources */ = {isa = PBXBuildFile; fileRef = B32AAB311D767E59001485FF /* UITouch+MemoryLeak.m */; };
		B3667E4E1D38ADF6002B55DE /* MLeakedObjectProxy.m in Sources */ = {isa = PBXBuildFile; fileRef = B3667E4D1D38ADF6002B55DE /* MLeakedObjectProxy.m */; };
		B3667E721D3BA78E002B55DE /* MLeaksMessenger.m in Sources */ = {isa = PBXBuildFile; fileRef = B3667E711D3BA78E002B55DE /* MLeaksMessenger.m */; };
		B367C8971C1C029500FDA5A9 /* NSObject+MemoryLeak.h in CopyFiles */ = {isa = PBXBuildFile; fileRef = B3ADE17B1C1BD2F000AA4F63 /* NSObject+MemoryLeak.h */; };
		B3ADE1701C1BD1D600AA4F63 /* MLeaksFinder.h in CopyFiles */ = {isa = PBXBuildFile; fileRef = B3ADE16F1C1BD1D600AA4F63 /* MLeaksFinder.h */; };
		B3ADE17A1C1BD29600AA4F63 /* UIView+MemoryLeak.m in Sources */ = {isa = PBXBuildFile; fileRef = B3ADE1791C1BD29600AA4F63 /* UIView+MemoryLeak.m */; };
		B3ADE17D1C1BD2F000AA4F63 /* NSObject+MemoryLeak.m in Sources */ = {isa = PBXBuildFile; fileRef = B3ADE17C1C1BD2F000AA4F63 /* NSObject+MemoryLeak.m */; };
		B3ADE1801C1BD4B200AA4F63 /* UIViewController+MemoryLeak.m in Sources */ = {isa = PBXBuildFile; fileRef = B3ADE17F1C1BD4B200AA4F63 /* UIViewController+MemoryLeak.m */; };
		B3ADE1831C1BD54B00AA4F63 /* UINavigationController+MemoryLeak.m in Sources */ = {isa = PBXBuildFile; fileRef = B3ADE1821C1BD54B00AA4F63 /* UINavigationController+MemoryLeak.m */; };
		B3ADE1861C1BD5CC00AA4F63 /* UIPageViewController+MemoryLeak.m in Sources */ = {isa = PBXBuildFile; fileRef = B3ADE1851C1BD5CC00AA4F63 /* UIPageViewController+MemoryLeak.m */; };
		B3ADE1891C1BD6F000AA4F63 /* UITabBarController+MemoryLeak.m in Sources */ = {isa = PBXBuildFile; fileRef = B3ADE1881C1BD6F000AA4F63 /* UITabBarController+MemoryLeak.m */; };
		B3ADE18C1C1BD74700AA4F63 /* UISplitViewController+MemoryLeak.m in Sources */ = {isa = PBXBuildFile; fileRef = B3ADE18B1C1BD74700AA4F63 /* UISplitViewController+MemoryLeak.m */; };
		B3C512C51CE3368B0032C2C8 /* UIApplication+MemoryLeak.m in Sources */ = {isa = PBXBuildFile; fileRef = B3C512C41CE3368B0032C2C8 /* UIApplication+MemoryLeak.m */; };
		FE6CAD555020A33B697B5FDE /* libPods-MLeaksFinder.a in Frameworks */ = {isa = PBXBuildFile; fileRef = 6C69FD6BA6E3CCAC5168D790 /* libPods-MLeaksFinder.a */; };
/* End PBXBuildFile section */

/* Begin PBXCopyFilesBuildPhase section */
		B3ADE16A1C1BD1D600AA4F63 /* CopyFiles */ = {
			isa = PBXCopyFilesBuildPhase;
			buildActionMask = 2147483647;
			dstPath = "include/$(PRODUCT_NAME)";
			dstSubfolderSpec = 16;
			files = (
				B367C8971C1C029500FDA5A9 /* NSObject+MemoryLeak.h in CopyFiles */,
				B3ADE1701C1BD1D600AA4F63 /* MLeaksFinder.h in CopyFiles */,
			);
			runOnlyForDeploymentPostprocessing = 0;
		};
/* End PBXCopyFilesBuildPhase section */

/* Begin PBXFileReference section */
		5E297F00748C1FFA737EEFB0 /* Pods-MLeaksFinder.release.xcconfig */ = {isa = PBXFileReference; includeInIndex = 1; lastKnownFileType = text.xcconfig; name = "Pods-MLeaksFinder.release.xcconfig"; path = "Pods/Target Support Files/Pods-MLeaksFinder/Pods-MLeaksFinder.release.xcconfig"; sourceTree = "<group>"; };
		6C69FD6BA6E3CCAC5168D790 /* libPods-MLeaksFinder.a */ = {isa = PBXFileReference; explicitFileType = archive.ar; includeInIndex = 0; path = "libPods-MLeaksFinder.a"; sourceTree = BUILT_PRODUCTS_DIR; };
		90EF182415984ED6E908B442 /* Pods-MLeaksFinder.debug.xcconfig */ = {isa = PBXFileReference; includeInIndex = 1; lastKnownFileType = text.xcconfig; name = "Pods-MLeaksFinder.debug.xcconfig"; path = "Pods/Target Support Files/Pods-MLeaksFinder/Pods-MLeaksFinder.debug.xcconfig"; sourceTree = "<group>"; };
		B32AAB301D767E59001485FF /* UITouch+MemoryLeak.h */ = {isa = PBXFileReference; fileEncoding = 4; lastKnownFileType = sourcecode.c.h; path = "UITouch+MemoryLeak.h"; sourceTree = "<group>"; };
		B32AAB311D767E59001485FF /* UITouch+MemoryLeak.m */ = {isa = PBXFileReference; fileEncoding = 4; lastKnownFileType = sourcecode.c.objc; path = "UITouch+MemoryLeak.m"; sourceTree = "<group>"; };
		B3667E4C1D38ADF6002B55DE /* MLeakedObjectProxy.h */ = {isa = PBXFileReference; fileEncoding = 4; lastKnownFileType = sourcecode.c.h; path = MLeakedObjectProxy.h; sourceTree = "<group>"; };
		B3667E4D1D38ADF6002B55DE /* MLeakedObjectProxy.m */ = {isa = PBXFileReference; fileEncoding = 4; lastKnownFileType = sourcecode.c.objc; path = MLeakedObjectProxy.m; sourceTree = "<group>"; };
		B3667E701D3BA78E002B55DE /* MLeaksMessenger.h */ = {isa = PBXFileReference; fileEncoding = 4; lastKnownFileType = sourcecode.c.h; path = MLeaksMessenger.h; sourceTree = "<group>"; };
		B3667E711D3BA78E002B55DE /* MLeaksMessenger.m */ = {isa = PBXFileReference; fileEncoding = 4; lastKnownFileType = sourcecode.c.objc; path = MLeaksMessenger.m; sourceTree = "<group>"; };
		B3ADE16C1C1BD1D600AA4F63 /* libMLeaksFinder.a */ = {isa = PBXFileReference; explicitFileType = archive.ar; includeInIndex = 0; path = libMLeaksFinder.a; sourceTree = BUILT_PRODUCTS_DIR; };
		B3ADE16F1C1BD1D600AA4F63 /* MLeaksFinder.h */ = {isa = PBXFileReference; lastKnownFileType = sourcecode.c.h; path = MLeaksFinder.h; sourceTree = "<group>"; };
		B3ADE1781C1BD29600AA4F63 /* UIView+MemoryLeak.h */ = {isa = PBXFileReference; fileEncoding = 4; lastKnownFileType = sourcecode.c.h; path = "UIView+MemoryLeak.h"; sourceTree = "<group>"; };
		B3ADE1791C1BD29600AA4F63 /* UIView+MemoryLeak.m */ = {isa = PBXFileReference; fileEncoding = 4; lastKnownFileType = sourcecode.c.objc; path = "UIView+MemoryLeak.m"; sourceTree = "<group>"; };
		B3ADE17B1C1BD2F000AA4F63 /* NSObject+MemoryLeak.h */ = {isa = PBXFileReference; fileEncoding = 4; lastKnownFileType = sourcecode.c.h; path = "NSObject+MemoryLeak.h"; sourceTree = "<group>"; };
		B3ADE17C1C1BD2F000AA4F63 /* NSObject+MemoryLeak.m */ = {isa = PBXFileReference; fileEncoding = 4; lastKnownFileType = sourcecode.c.objc; path = "NSObject+MemoryLeak.m"; sourceTree = "<group>"; };
		B3ADE17E1C1BD4B200AA4F63 /* UIViewController+MemoryLeak.h */ = {isa = PBXFileReference; fileEncoding = 4; lastKnownFileType = sourcecode.c.h; path = "UIViewController+MemoryLeak.h"; sourceTree = "<group>"; };
		B3ADE17F1C1BD4B200AA4F63 /* UIViewController+MemoryLeak.m */ = {isa = PBXFileReference; fileEncoding = 4; lastKnownFileType = sourcecode.c.objc; path = "UIViewController+MemoryLeak.m"; sourceTree = "<group>"; };
		B3ADE1811C1BD54B00AA4F63 /* UINavigationController+MemoryLeak.h */ = {isa = PBXFileReference; fileEncoding = 4; lastKnownFileType = sourcecode.c.h; path = "UINavigationController+MemoryLeak.h"; sourceTree = "<group>"; };
		B3ADE1821C1BD54B00AA4F63 /* UINavigationController+MemoryLeak.m */ = {isa = PBXFileReference; fileEncoding = 4; lastKnownFileType = sourcecode.c.objc; path = "UINavigationController+MemoryLeak.m"; sourceTree = "<group>"; };
		B3ADE1841C1BD5CC00AA4F63 /* UIPageViewController+MemoryLeak.h */ = {isa = PBXFileReference; fileEncoding = 4; lastKnownFileType = sourcecode.c.h; path = "UIPageViewController+MemoryLeak.h"; sourceTree = "<group>"; };
		B3ADE1851C1BD5CC00AA4F63 /* UIPageViewController+MemoryLeak.m */ = {isa = PBXFileReference; fileEncoding = 4; lastKnownFileType = sourcecode.c.objc; path = "UIPageViewController+MemoryLeak.m"; sourceTree = "<group>"; };
		B3ADE1871C1BD6F000AA4F63 /* UITabBarController+MemoryLeak.h */ = {isa = PBXFileReference; fileEncoding = 4; lastKnownFileType = sourcecode.c.h; path = "UITabBarController+MemoryLeak.h"; sourceTree = "<group>"; };
		B3ADE1881C1BD6F000AA4F63 /* UITabBarController+MemoryLeak.m */ = {isa = PBXFileReference; fileEncoding = 4; lastKnownFileType = sourcecode.c.objc; path = "UITabBarController+MemoryLeak.m"; sourceTree = "<group>"; };
		B3ADE18A1C1BD74700AA4F63 /* UISplitViewController+MemoryLeak.h */ = {isa = PBXFileReference; fileEncoding = 4; lastKnownFileType = sourcecode.c.h; path = "UISplitViewController+MemoryLeak.h"; sourceTree = "<group>"; };
		B3ADE18B1C1BD74700AA4F63 /* UISplitViewController+MemoryLeak.m */ = {isa = PBXFileReference; fileEncoding = 4; lastKnownFileType = sourcecode.c.objc; path = "UISplitViewController+MemoryLeak.m"; sourceTree = "<group>"; };
		B3C512C31CE3368B0032C2C8 /* UIApplication+MemoryLeak.h */ = {isa = PBXFileReference; fileEncoding = 4; lastKnownFileType = sourcecode.c.h; path = "UIApplication+MemoryLeak.h"; sourceTree = "<group>"; };
		B3C512C41CE3368B0032C2C8 /* UIApplication+MemoryLeak.m */ = {isa = PBXFileReference; fileEncoding = 4; lastKnownFileType = sourcecode.c.objc; path = "UIApplication+MemoryLeak.m"; sourceTree = "<group>"; };
/* End PBXFileReference section */

/* Begin PBXFrameworksBuildPhase section */
		B3ADE1691C1BD1D600AA4F63 /* Frameworks */ = {
			isa = PBXFrameworksBuildPhase;
			buildActionMask = 2147483647;
			files = (
				FE6CAD555020A33B697B5FDE /* libPods-MLeaksFinder.a in Frameworks */,
			);
			runOnlyForDeploymentPostprocessing = 0;
		};
/* End PBXFrameworksBuildPhase section */

/* Begin PBXGroup section */
		B3ADE1631C1BD1D600AA4F63 = {
			isa = PBXGroup;
			children = (
				B3ADE16E1C1BD1D600AA4F63 /* MLeaksFinder */,
				B3ADE16D1C1BD1D600AA4F63 /* Products */,
				F2E3CE8BD1BB1CB88838AF63 /* Pods */,
				E3247A573B2F7B1C26211F01 /* Frameworks */,
			);
			sourceTree = "<group>";
		};
		B3ADE16D1C1BD1D600AA4F63 /* Products */ = {
			isa = PBXGroup;
			children = (
				B3ADE16C1C1BD1D600AA4F63 /* libMLeaksFinder.a */,
			);
			name = Products;
			sourceTree = "<group>";
		};
		B3ADE16E1C1BD1D600AA4F63 /* MLeaksFinder */ = {
			isa = PBXGroup;
			children = (
				B3667E4C1D38ADF6002B55DE /* MLeakedObjectProxy.h */,
				B3667E4D1D38ADF6002B55DE /* MLeakedObjectProxy.m */,
				B3ADE16F1C1BD1D600AA4F63 /* MLeaksFinder.h */,
				B3667E701D3BA78E002B55DE /* MLeaksMessenger.h */,
				B3667E711D3BA78E002B55DE /* MLeaksMessenger.m */,
				B3ADE17B1C1BD2F000AA4F63 /* NSObject+MemoryLeak.h */,
				B3ADE17C1C1BD2F000AA4F63 /* NSObject+MemoryLeak.m */,
				B3C512C31CE3368B0032C2C8 /* UIApplication+MemoryLeak.h */,
				B3C512C41CE3368B0032C2C8 /* UIApplication+MemoryLeak.m */,
				B3ADE1811C1BD54B00AA4F63 /* UINavigationController+MemoryLeak.h */,
				B3ADE1821C1BD54B00AA4F63 /* UINavigationController+MemoryLeak.m */,
				B3ADE1841C1BD5CC00AA4F63 /* UIPageViewController+MemoryLeak.h */,
				B3ADE1851C1BD5CC00AA4F63 /* UIPageViewController+MemoryLeak.m */,
				B3ADE18A1C1BD74700AA4F63 /* UISplitViewController+MemoryLeak.h */,
				B3ADE18B1C1BD74700AA4F63 /* UISplitViewController+MemoryLeak.m */,
				B3ADE1871C1BD6F000AA4F63 /* UITabBarController+MemoryLeak.h */,
				B3ADE1881C1BD6F000AA4F63 /* UITabBarController+MemoryLeak.m */,
				B3ADE1781C1BD29600AA4F63 /* UIView+MemoryLeak.h */,
				B3ADE1791C1BD29600AA4F63 /* UIView+MemoryLeak.m */,
				B3ADE17E1C1BD4B200AA4F63 /* UIViewController+MemoryLeak.h */,
				B3ADE17F1C1BD4B200AA4F63 /* UIViewController+MemoryLeak.m */,
				B32AAB301D767E59001485FF /* UITouch+MemoryLeak.h */,
				B32AAB311D767E59001485FF /* UITouch+MemoryLeak.m */,
			);
			path = MLeaksFinder;
			sourceTree = "<group>";
		};
		E3247A573B2F7B1C26211F01 /* Frameworks */ = {
			isa = PBXGroup;
			children = (
				6C69FD6BA6E3CCAC5168D790 /* libPods-MLeaksFinder.a */,
			);
			name = Frameworks;
			sourceTree = "<group>";
		};
		F2E3CE8BD1BB1CB88838AF63 /* Pods */ = {
			isa = PBXGroup;
			children = (
				90EF182415984ED6E908B442 /* Pods-MLeaksFinder.debug.xcconfig */,
				5E297F00748C1FFA737EEFB0 /* Pods-MLeaksFinder.release.xcconfig */,
			);
			name = Pods;
			sourceTree = "<group>";
		};
/* End PBXGroup section */

/* Begin PBXNativeTarget section */
		B3ADE16B1C1BD1D600AA4F63 /* MLeaksFinder */ = {
			isa = PBXNativeTarget;
			buildConfigurationList = B3ADE1751C1BD1D600AA4F63 /* Build configuration list for PBXNativeTarget "MLeaksFinder" */;
			buildPhases = (
				1E51A1E3538164E48103EBFB /* 📦 Check Pods Manifest.lock */,
				B3ADE1681C1BD1D600AA4F63 /* Sources */,
				B3ADE1691C1BD1D600AA4F63 /* Frameworks */,
				B3ADE16A1C1BD1D600AA4F63 /* CopyFiles */,
				C5C5444B869098CC15440C05 /* 📦 Copy Pods Resources */,
			);
			buildRules = (
			);
			dependencies = (
			);
			name = MLeaksFinder;
			productName = MLeaksFinder;
			productReference = B3ADE16C1C1BD1D600AA4F63 /* libMLeaksFinder.a */;
			productType = "com.apple.product-type.library.static";
		};
/* End PBXNativeTarget section */

/* Begin PBXProject section */
		B3ADE1641C1BD1D600AA4F63 /* Project object */ = {
			isa = PBXProject;
			attributes = {
				LastUpgradeCheck = 0710;
				ORGANIZATIONNAME = zeposhe;
				TargetAttributes = {
					B3ADE16B1C1BD1D600AA4F63 = {
						CreatedOnToolsVersion = 7.1.1;
					};
				};
			};
			buildConfigurationList = B3ADE1671C1BD1D600AA4F63 /* Build configuration list for PBXProject "MLeaksFinder" */;
			compatibilityVersion = "Xcode 3.2";
			developmentRegion = English;
			hasScannedForEncodings = 0;
			knownRegions = (
				en,
			);
			mainGroup = B3ADE1631C1BD1D600AA4F63;
			productRefGroup = B3ADE16D1C1BD1D600AA4F63 /* Products */;
			projectDirPath = "";
			projectRoot = "";
			targets = (
				B3ADE16B1C1BD1D600AA4F63 /* MLeaksFinder */,
			);
		};
/* End PBXProject section */

/* Begin PBXShellScriptBuildPhase section */
		1E51A1E3538164E48103EBFB /* 📦 Check Pods Manifest.lock */ = {
			isa = PBXShellScriptBuildPhase;
			buildActionMask = 2147483647;
			files = (
			);
			inputPaths = (
			);
			name = "📦 Check Pods Manifest.lock";
			outputPaths = (
			);
			runOnlyForDeploymentPostprocessing = 0;
			shellPath = /bin/sh;
			shellScript = "diff \"${PODS_ROOT}/../Podfile.lock\" \"${PODS_ROOT}/Manifest.lock\" > /dev/null\nif [[ $? != 0 ]] ; then\n    cat << EOM\nerror: The sandbox is not in sync with the Podfile.lock. Run 'pod install' or update your CocoaPods installation.\nEOM\n    exit 1\nfi\n";
			showEnvVarsInLog = 0;
		};
		C5C5444B869098CC15440C05 /* 📦 Copy Pods Resources */ = {
			isa = PBXShellScriptBuildPhase;
			buildActionMask = 2147483647;
			files = (
			);
			inputPaths = (
			);
			name = "📦 Copy Pods Resources";
			outputPaths = (
			);
			runOnlyForDeploymentPostprocessing = 0;
			shellPath = /bin/sh;
			shellScript = "\"${SRCROOT}/Pods/Target Support Files/Pods-MLeaksFinder/Pods-MLeaksFinder-resources.sh\"\n";
			showEnvVarsInLog = 0;
		};
/* End PBXShellScriptBuildPhase section */

/* Begin PBXSourcesBuildPhase section */
		B3ADE1681C1BD1D600AA4F63 /* Sources */ = {
			isa = PBXSourcesBuildPhase;
			buildActionMask = 2147483647;
			files = (
				B3C512C51CE3368B0032C2C8 /* UIApplication+MemoryLeak.m in Sources */,
				B3ADE17A1C1BD29600AA4F63 /* UIView+MemoryLeak.m in Sources */,
				B3ADE1861C1BD5CC00AA4F63 /* UIPageViewController+MemoryLeak.m in Sources */,
				B3667E4E1D38ADF6002B55DE /* MLeakedObjectProxy.m in Sources */,
				B3667E721D3BA78E002B55DE /* MLeaksMessenger.m in Sources */,
				B3ADE17D1C1BD2F000AA4F63 /* NSObject+MemoryLeak.m in Sources */,
				B3ADE18C1C1BD74700AA4F63 /* UISplitViewController+MemoryLeak.m in Sources */,
				B3ADE1801C1BD4B200AA4F63 /* UIViewController+MemoryLeak.m in Sources */,
				B3ADE1831C1BD54B00AA4F63 /* UINavigationController+MemoryLeak.m in Sources */,
				B32AAB321D767E59001485FF /* UITouch+MemoryLeak.m in Sources */,
				B3ADE1891C1BD6F000AA4F63 /* UITabBarController+MemoryLeak.m in Sources */,
			);
			runOnlyForDeploymentPostprocessing = 0;
		};
/* End PBXSourcesBuildPhase section */

/* Begin XCBuildConfiguration section */
		B3ADE1731C1BD1D600AA4F63 /* Debug */ = {
			isa = XCBuildConfiguration;
			buildSettings = {
				ALWAYS_SEARCH_USER_PATHS = NO;
				CLANG_CXX_LANGUAGE_STANDARD = "gnu++0x";
				CLANG_CXX_LIBRARY = "libc++";
				CLANG_ENABLE_MODULES = YES;
				CLANG_ENABLE_OBJC_ARC = YES;
				CLANG_WARN_BOOL_CONVERSION = YES;
				CLANG_WARN_CONSTANT_CONVERSION = YES;
				CLANG_WARN_DIRECT_OBJC_ISA_USAGE = YES_ERROR;
				CLANG_WARN_EMPTY_BODY = YES;
				CLANG_WARN_ENUM_CONVERSION = YES;
				CLANG_WARN_INT_CONVERSION = YES;
				CLANG_WARN_OBJC_ROOT_CLASS = YES_ERROR;
				CLANG_WARN_UNREACHABLE_CODE = YES;
				CLANG_WARN__DUPLICATE_METHOD_MATCH = YES;
				"CODE_SIGN_IDENTITY[sdk=iphoneos*]" = "iPhone Developer";
				COPY_PHASE_STRIP = NO;
				DEBUG_INFORMATION_FORMAT = dwarf;
				ENABLE_STRICT_OBJC_MSGSEND = YES;
				ENABLE_TESTABILITY = YES;
				GCC_C_LANGUAGE_STANDARD = gnu99;
				GCC_DYNAMIC_NO_PIC = NO;
				GCC_NO_COMMON_BLOCKS = YES;
				GCC_OPTIMIZATION_LEVEL = 0;
				GCC_PREPROCESSOR_DEFINITIONS = (
					"DEBUG=1",
					"$(inherited)",
				);
				GCC_WARN_64_TO_32_BIT_CONVERSION = YES;
				GCC_WARN_ABOUT_RETURN_TYPE = YES_ERROR;
				GCC_WARN_UNDECLARED_SELECTOR = YES;
				GCC_WARN_UNINITIALIZED_AUTOS = YES_AGGRESSIVE;
				GCC_WARN_UNUSED_FUNCTION = YES;
				GCC_WARN_UNUSED_VARIABLE = YES;
				IPHONEOS_DEPLOYMENT_TARGET = 6.0;
				MTL_ENABLE_DEBUG_INFO = YES;
				ONLY_ACTIVE_ARCH = YES;
				SDKROOT = iphoneos;
			};
			name = Debug;
		};
		B3ADE1741C1BD1D600AA4F63 /* Release */ = {
			isa = XCBuildConfiguration;
			buildSettings = {
				ALWAYS_SEARCH_USER_PATHS = NO;
				CLANG_CXX_LANGUAGE_STANDARD = "gnu++0x";
				CLANG_CXX_LIBRARY = "libc++";
				CLANG_ENABLE_MODULES = YES;
				CLANG_ENABLE_OBJC_ARC = YES;
				CLANG_WARN_BOOL_CONVERSION = YES;
				CLANG_WARN_CONSTANT_CONVERSION = YES;
				CLANG_WARN_DIRECT_OBJC_ISA_USAGE = YES_ERROR;
				CLANG_WARN_EMPTY_BODY = YES;
				CLANG_WARN_ENUM_CONVERSION = YES;
				CLANG_WARN_INT_CONVERSION = YES;
				CLANG_WARN_OBJC_ROOT_CLASS = YES_ERROR;
				CLANG_WARN_UNREACHABLE_CODE = YES;
				CLANG_WARN__DUPLICATE_METHOD_MATCH = YES;
				"CODE_SIGN_IDENTITY[sdk=iphoneos*]" = "iPhone Developer";
				COPY_PHASE_STRIP = NO;
				DEBUG_INFORMATION_FORMAT = "dwarf-with-dsym";
				ENABLE_NS_ASSERTIONS = NO;
				ENABLE_STRICT_OBJC_MSGSEND = YES;
				GCC_C_LANGUAGE_STANDARD = gnu99;
				GCC_NO_COMMON_BLOCKS = YES;
				GCC_WARN_64_TO_32_BIT_CONVERSION = YES;
				GCC_WARN_ABOUT_RETURN_TYPE = YES_ERROR;
				GCC_WARN_UNDECLARED_SELECTOR = YES;
				GCC_WARN_UNINITIALIZED_AUTOS = YES_AGGRESSIVE;
				GCC_WARN_UNUSED_FUNCTION = YES;
				GCC_WARN_UNUSED_VARIABLE = YES;
				IPHONEOS_DEPLOYMENT_TARGET = 6.0;
				MTL_ENABLE_DEBUG_INFO = NO;
				SDKROOT = iphoneos;
				VALIDATE_PRODUCT = YES;
			};
			name = Release;
		};
		B3ADE1761C1BD1D600AA4F63 /* Debug */ = {
			isa = XCBuildConfiguration;
			baseConfigurationReference = 90EF182415984ED6E908B442 /* Pods-MLeaksFinder.debug.xcconfig */;
			buildSettings = {
				OTHER_LDFLAGS = "-ObjC";
				PRODUCT_NAME = "$(TARGET_NAME)";
				SKIP_INSTALL = YES;
			};
			name = Debug;
		};
		B3ADE1771C1BD1D600AA4F63 /* Release */ = {
			isa = XCBuildConfiguration;
			baseConfigurationReference = 5E297F00748C1FFA737EEFB0 /* Pods-MLeaksFinder.release.xcconfig */;
			buildSettings = {
				OTHER_LDFLAGS = "-ObjC";
				PRODUCT_NAME = "$(TARGET_NAME)";
				SKIP_INSTALL = YES;
			};
			name = Release;
		};
/* End XCBuildConfiguration section */

/* Begin XCConfigurationList section */
		B3ADE1671C1BD1D600AA4F63 /* Build configuration list for PBXProject "MLeaksFinder" */ = {
			isa = XCConfigurationList;
			buildConfigurations = (
				B3ADE1731C1BD1D600AA4F63 /* Debug */,
				B3ADE1741C1BD1D600AA4F63 /* Release */,
			);
			defaultConfigurationIsVisible = 0;
			defaultConfigurationName = Release;
		};
		B3ADE1751C1BD1D600AA4F63 /* Build configuration list for PBXNativeTarget "MLeaksFinder" */ = {
			isa = XCConfigurationList;
			buildConfigurations = (
				B3ADE1761C1BD1D600AA4F63 /* Debug */,
				B3ADE1771C1BD1D600AA4F63 /* Release */,
			);
			defaultConfigurationIsVisible = 0;
			defaultConfigurationName = Release;
		};
/* End XCConfigurationList section */
	};
	rootObject = B3ADE1641C1BD1D600AA4F63 /* Project object */;
}
